# This file is automatically @generated by Poetry 1.8.4 and should not be changed by hand.

[[package]]
name = "blinker"
version = "1.9.0"
description = "Fast, simple object-to-object and broadcast signaling"
optional = false
python-versions = ">=3.9"
files = [
    {file = "blinker-1.9.0-py3-none-any.whl", hash = "sha256:ba0efaa9080b619ff2f3459d1d500c57bddea4a6b424b60a91141db6fd2f08bc"},
    {file = "blinker-1.9.0.tar.gz", hash = "sha256:b4ce2265a7abece45e7cc896e98dbebe6cead56bcf805a3d23136d145f5445bf"},
]

[[package]]
name = "click"
version = "8.1.7"
description = "Composable command line interface toolkit"
optional = false
python-versions = ">=3.7"
files = [
    {file = "click-8.1.7-py3-none-any.whl", hash = "sha256:ae74fb96c20a0277a1d615f1e4d73c8414f5a98db8b799a7931d1582f3390c28"},
    {file = "click-8.1.7.tar.gz", hash = "sha256:ca9853ad459e787e2192211578cc907e7594e294c7ccc834310722b41b9ca6de"},
]

[package.dependencies]
colorama = {version = "*", markers = "platform_system == \"Windows\""}

[[package]]
name = "colorama"
version = "0.4.6"
description = "Cross-platform colored terminal text."
optional = false
python-versions = "!=3.0.*,!=3.1.*,!=3.2.*,!=3.3.*,!=3.4.*,!=3.5.*,!=3.6.*,>=2.7"
files = [
    {file = "colorama-0.4.6-py2.py3-none-any.whl", hash = "sha256:4f1d9991f5acc0ca119f9d443620b77f9d6b33703e51011c16baf57afb285fc6"},
    {file = "colorama-0.4.6.tar.gz", hash = "sha256:08695f5cb7ed6e0531a20572697297273c47b8cae5a63ffc6d6ed5c201be6e44"},
]

[[package]]
name = "dependency-injector"
version = "4.43.0"
description = "Dependency injection framework for Python"
optional = false
python-versions = "*"
files = [
    {file = "dependency_injector-4.43.0-cp310-cp310-macosx_11_0_arm64.whl", hash = "sha256:d9df575603a6ae75b393917249c1a4808a33e06ecef903f82b813ba3fc094ac8"},
    {file = "dependency_injector-4.43.0-cp310-cp310-manylinux_2_17_aarch64.manylinux2014_aarch64.whl", hash = "sha256:1735072bcabd6562dabfb0ae0ad5328aebcfeff0ac595efc9c190773fa203198"},
    {file = "dependency_injector-4.43.0-cp310-cp310-manylinux_2_17_x86_64.manylinux2014_x86_64.whl", hash = "sha256:1c6d89a4be17a428316dd791eac7e98cb8653824933551fd21486b4677d9e634"},
    {file = "dependency_injector-4.43.0-cp310-cp310-manylinux_2_5_i686.manylinux1_i686.manylinux_2_17_i686.manylinux2014_i686.whl", hash = "sha256:e64bc6f6c96ce2c8b12fd1105420f9fa84c5aa83b2dc52e92b1be2c077819fe0"},
    {file = "dependency_injector-4.43.0-cp310-cp310-musllinux_1_2_aarch64.whl", hash = "sha256:c67791ca696a96b8f3e82f9025e6d214e2c2fd8891fa4315a4160b99fe4c4ace"},
    {file = "dependency_injector-4.43.0-cp310-cp310-musllinux_1_2_i686.whl", hash = "sha256:4d6bb5c0d741882685109579ab556fc6e89ece9d26ccf70e35ac4f9b84097207"},
    {file = "dependency_injector-4.43.0-cp310-cp310-musllinux_1_2_x86_64.whl", hash = "sha256:d4f9d1466352810e2f536613e52016632d8a172867bfc9d91e4cfccce14180f1"},
    {file = "dependency_injector-4.43.0-cp310-cp310-win32.whl", hash = "sha256:be408c3ff6e55d40362295013ff543e8524778f598dc59b2a40d9620ac2743c1"},
    {file = "dependency_injector-4.43.0-cp310-cp310-win_amd64.whl", hash = "sha256:9fd7f4f44ddff0cd7e40f8923f93ff83f0e8c018a85d36b37a88a835eca7f47f"},
    {file = "dependency_injector-4.43.0-cp311-cp311-macosx_11_0_arm64.whl", hash = "sha256:4f3b2c1d3a4c75772854ef7b47d725e6e894b9e3590bf13bf19e3bac4935ed88"},
    {file = "dependency_injector-4.43.0-cp311-cp311-manylinux_2_17_aarch64.manylinux2014_aarch64.whl", hash = "sha256:39f46a2fe7ddfea96d18521c5c0f265ca3f177060f0ccb4505f9a638c3429b49"},
    {file = "dependency_injector-4.43.0-cp311-cp311-manylinux_2_17_x86_64.manylinux2014_x86_64.whl", hash = "sha256:64c46dd2dd5543554e3ffe05c935fdb4e8a805a162e56c7c7519acefdd374ff0"},
    {file = "dependency_injector-4.43.0-cp311-cp311-manylinux_2_5_i686.manylinux1_i686.manylinux_2_17_i686.manylinux2014_i686.whl", hash = "sha256:3252b32935df3c5f34a4da83d43a38838e0f48d54e47405fcda5e59a2ec4a930"},
    {file = "dependency_injector-4.43.0-cp311-cp311-musllinux_1_2_aarch64.whl", hash = "sha256:200c0286c88c9cb521050eb56e6465f50c289cb145b5308d9d8d79b0b4bac4b6"},
    {file = "dependency_injector-4.43.0-cp311-cp311-musllinux_1_2_i686.whl", hash = "sha256:0791c72a89c4a59c3120b659c3b3e8fbb82e85d4732ffdb8548e395f19425e73"},
    {file = "dependency_injector-4.43.0-cp311-cp311-musllinux_1_2_x86_64.whl", hash = "sha256:5fb045e5db6078da309889fc1447cd89b8bd1c810853b436773f895eae477b3b"},
    {file = "dependency_injector-4.43.0-cp311-cp311-win32.whl", hash = "sha256:d24ebaa219edf95a6dc4559053bb8e295dfdee396478488382fdaa078de57d92"},
    {file = "dependency_injector-4.43.0-cp311-cp311-win_amd64.whl", hash = "sha256:230a6ae585a18845bea4001688badd3c2b7f373bcac5c6e659b14e1e1b6e03f2"},
    {file = "dependency_injector-4.43.0-cp312-cp312-macosx_11_0_arm64.whl", hash = "sha256:3f8e520e420dbbb376d81c2c668b6e0be166c79877d3b56b97547db17199d636"},
    {file = "dependency_injector-4.43.0-cp312-cp312-manylinux_2_17_aarch64.manylinux2014_aarch64.whl", hash = "sha256:f58beecd944dbdb1ead80ca86945d572d314e48e34cb6e32165ac912e5eed0d5"},
    {file = "dependency_injector-4.43.0-cp312-cp312-manylinux_2_17_x86_64.manylinux2014_x86_64.whl", hash = "sha256:a447075f567ce894c1d3a5493d7d0cd9542a9d451ca13d8ffce4e0016bdba201"},
    {file = "dependency_injector-4.43.0-cp312-cp312-manylinux_2_5_i686.manylinux1_i686.manylinux_2_17_i686.manylinux2014_i686.whl", hash = "sha256:36326658415372972711edbd03cc3a68a6866b7b1a5ac7090807601e0fa3847c"},
    {file = "dependency_injector-4.43.0-cp312-cp312-musllinux_1_2_aarch64.whl", hash = "sha256:d70a7651fac1e74889617dfe802798cc941a736929cc6b00a62c33529f3291b5"},
    {file = "dependency_injector-4.43.0-cp312-cp312-musllinux_1_2_i686.whl", hash = "sha256:177b4f3726e36556d04f442b2743e86a56005319e41fcc8410a98951d159f7bf"},
    {file = "dependency_injector-4.43.0-cp312-cp312-musllinux_1_2_x86_64.whl", hash = "sha256:544843c65aa289a1a9ca79e7a8bd4aad41dbac2d56600ca2735047a404ba4a3b"},
    {file = "dependency_injector-4.43.0-cp312-cp312-win32.whl", hash = "sha256:3e559a7f28b4ffae35e28333b0b10e4fce8021214c078e6fa5b85770e821e1eb"},
    {file = "dependency_injector-4.43.0-cp312-cp312-win_amd64.whl", hash = "sha256:7d80534f4d4712494ec61761f0629588a2eb12789aa3ec9f54247ffacf92f266"},
    {file = "dependency_injector-4.43.0-cp313-cp313-macosx_11_0_arm64.whl", hash = "sha256:e7ceb7fabf22138ec4cd3d6943ce9e1ba4ab9514a87511ebe3597382240ec79e"},
    {file = "dependency_injector-4.43.0-cp313-cp313-manylinux_2_17_aarch64.manylinux2014_aarch64.whl", hash = "sha256:3481413efdd3b85ccdce73a0ecbd75d47eadcc823b73cd0d5accdc2c2477fc0c"},
    {file = "dependency_injector-4.43.0-cp313-cp313-manylinux_2_17_x86_64.manylinux2014_x86_64.whl", hash = "sha256:38e6f3fb010796ce4691906334156d25e4e365bc6e841b64464518eec0896f2a"},
    {file = "dependency_injector-4.43.0-cp313-cp313-manylinux_2_5_i686.manylinux1_i686.manylinux_2_17_i686.manylinux2014_i686.whl", hash = "sha256:f312bb9dec59a6216800a7d90417cf74be0b08a19fa8f54d8d2bbb3fdf516927"},
    {file = "dependency_injector-4.43.0-cp313-cp313-musllinux_1_2_aarch64.whl", hash = "sha256:11f3129a16f229c54de87e034fd42d64b8de630a6938d2b83f4c1d9815181ec1"},
    {file = "dependency_injector-4.43.0-cp313-cp313-musllinux_1_2_i686.whl", hash = "sha256:6b6dafac3a69d0ad0de96a6f0fb0ea786c1b5cf8bbe88fec1de3455f4b685647"},
    {file = "dependency_injector-4.43.0-cp313-cp313-musllinux_1_2_x86_64.whl", hash = "sha256:fc1b0b335b1d9810204aa687f17c2e8ac1bdebdd935f10bd54a6a7d3af952631"},
    {file = "dependency_injector-4.43.0-cp313-cp313-win32.whl", hash = "sha256:fba63d0fec1fe78b2fae545f219fce16a5fcaa2acc0a2f9564a3e1c5ec27b356"},
    {file = "dependency_injector-4.43.0-cp313-cp313-win_amd64.whl", hash = "sha256:efd7dd1d39e2998c21c5b02f303792a7c4205ea4fda63f2306a5e5b98e2a251a"},
    {file = "dependency_injector-4.43.0-cp36-cp36m-manylinux_2_17_aarch64.manylinux2014_aarch64.whl", hash = "sha256:2c93b20bfbb392ad83f8a900632d0c92c5e04bb5b5fa3961be062f1fa516401f"},
    {file = "dependency_injector-4.43.0-cp36-cp36m-manylinux_2_17_x86_64.manylinux2014_x86_64.whl", hash = "sha256:690e17cb943edb2d907885e8f11faa476d58cf0b1b4b67278fe3203616147997"},
    {file = "dependency_injector-4.43.0-cp36-cp36m-manylinux_2_5_i686.manylinux1_i686.manylinux_2_17_i686.manylinux2014_i686.whl", hash = "sha256:4f6bab4c4334321ccef5bcf94313c34b730c1df91812205181620358318145b6"},
    {file = "dependency_injector-4.43.0-cp36-cp36m-musllinux_1_2_aarch64.whl", hash = "sha256:145d20e8f7e1327a27cfdf87b2cc3aac976da759726e7ac104fc76d05f6902e9"},
    {file = "dependency_injector-4.43.0-cp36-cp36m-musllinux_1_2_i686.whl", hash = "sha256:d886e846fd6128b70ebdcdb40c04fa7a5b6c9f5e3ee2672686606af63eb55ecb"},
    {file = "dependency_injector-4.43.0-cp36-cp36m-musllinux_1_2_x86_64.whl", hash = "sha256:5997d3460ef1b1db12be512a0cf57816c8c7940cbad262f0eddfea0a61ae65f8"},
    {file = "dependency_injector-4.43.0-cp36-cp36m-win32.whl", hash = "sha256:9b1991ea8bc60f4cf2593670387d54cc834d470c06a69e9231a179cd1333379b"},
    {file = "dependency_injector-4.43.0-cp36-cp36m-win_amd64.whl", hash = "sha256:315e5244d3c9d02c9d1e134e06c1db044cae01a33295ce65718eb230758db4c4"},
    {file = "dependency_injector-4.43.0-cp37-cp37m-manylinux_2_17_aarch64.manylinux2014_aarch64.whl", hash = "sha256:6431919fc77666c01d1512de914d0b58ee0ef34722c77b58687832063a64df14"},
    {file = "dependency_injector-4.43.0-cp37-cp37m-manylinux_2_17_x86_64.manylinux2014_x86_64.whl", hash = "sha256:c4bee3b51a433c848f77c3ce45f341ab85213a442f9e2ad9bc92289ef2a7c8bd"},
    {file = "dependency_injector-4.43.0-cp37-cp37m-manylinux_2_5_i686.manylinux1_i686.manylinux_2_17_i686.manylinux2014_i686.whl", hash = "sha256:07081a671927cea7b4a9812b69a84f4d554fcd6f6da3fafe8a719c714ecb69a3"},
    {file = "dependency_injector-4.43.0-cp37-cp37m-musllinux_1_2_aarch64.whl", hash = "sha256:c4f30c9a505f649ab0cb004cd9f48c3df5b06287c177536417f8d30cfdfa5bc2"},
    {file = "dependency_injector-4.43.0-cp37-cp37m-musllinux_1_2_i686.whl", hash = "sha256:31f80970567bdaf040165f679b12780fb7b7a90d6921ac26355f401b1a516e3d"},
    {file = "dependency_injector-4.43.0-cp37-cp37m-musllinux_1_2_x86_64.whl", hash = "sha256:ffbd8e51ffcf8f8ff8cb6edccee5e77932ec4bdda1ca17b9f6a98d396fde5993"},
    {file = "dependency_injector-4.43.0-cp37-cp37m-win32.whl", hash = "sha256:8d8fa0c3fa495dc8605232e730913da4af43757e4be78d4a6cce8d5c1d88d9ac"},
    {file = "dependency_injector-4.43.0-cp37-cp37m-win_amd64.whl", hash = "sha256:fd15638b67f41034edd1eaffbb008ac2ff47839ab32b3fa13ca1b33e8a95cb9f"},
    {file = "dependency_injector-4.43.0-cp38-cp38-macosx_11_0_arm64.whl", hash = "sha256:9bb96f2762cbfc9b654075075871a7051d37a9cceeabace877a95a03d8142cf0"},
    {file = "dependency_injector-4.43.0-cp38-cp38-manylinux_2_17_aarch64.manylinux2014_aarch64.whl", hash = "sha256:0b4a5d41813b56d122f13ae0fdbb1078dd41206c8f5bb7192a1582c982a34ad6"},
    {file = "dependency_injector-4.43.0-cp38-cp38-manylinux_2_17_x86_64.manylinux2014_x86_64.whl", hash = "sha256:bbeb38085c1cb20b21338294e90fa9e7944bf162da63f587734a4d6991c4b1f1"},
    {file = "dependency_injector-4.43.0-cp38-cp38-manylinux_2_5_i686.manylinux1_i686.manylinux_2_17_i686.manylinux2014_i686.whl", hash = "sha256:fc58fc7e60924e9a93e2b83976173ea095b55f3508175252d50884aa08340185"},
    {file = "dependency_injector-4.43.0-cp38-cp38-musllinux_1_2_aarch64.whl", hash = "sha256:726131d9f64d26a4915fae413502584e4f739b66eec6b7b23ab43d8bab255b1d"},
    {file = "dependency_injector-4.43.0-cp38-cp38-musllinux_1_2_i686.whl", hash = "sha256:fc619ae6b5490beea9f9a53230ddbe084f11609ec1a3d56b0e58966c2ce81815"},
    {file = "dependency_injector-4.43.0-cp38-cp38-musllinux_1_2_x86_64.whl", hash = "sha256:28dc5af50ceee52df01b26f6d7bfcc32ff2aaba938c252d110c52f5de9580b0c"},
    {file = "dependency_injector-4.43.0-cp38-cp38-win32.whl", hash = "sha256:c09a977122a6bb57f74f871802dbf3a204cfdae197d423bf93ca4ec3aba871f4"},
    {file = "dependency_injector-4.43.0-cp38-cp38-win_amd64.whl", hash = "sha256:6ea5fc7a6d2b0f780e444643e46a6bdf739213fe4b9d26c286fb78f37e337bb8"},
    {file = "dependency_injector-4.43.0-cp39-cp39-macosx_11_0_arm64.whl", hash = "sha256:7190b45fc53dc6f41633fa6942052e38f7c463ad47305ba95d56c5b4d075e887"},
    {file = "dependency_injector-4.43.0-cp39-cp39-manylinux_2_17_aarch64.manylinux2014_aarch64.whl", hash = "sha256:440c2f9cf21b83bfd30c9da3ae8f95f7d395800a8feae538bf60db50c2c8974a"},
    {file = "dependency_injector-4.43.0-cp39-cp39-manylinux_2_17_x86_64.manylinux2014_x86_64.whl", hash = "sha256:f3b83c0e637f28bb2d8a0555e545ffdd76d9d69fe3e936ab25c6af35e8556e36"},
    {file = "dependency_injector-4.43.0-cp39-cp39-manylinux_2_5_i686.manylinux1_i686.manylinux_2_17_i686.manylinux2014_i686.whl", hash = "sha256:d8d6ec07de0479e209899f98ed7babf35fa72878933f153faf37a5abaf4cb125"},
    {file = "dependency_injector-4.43.0-cp39-cp39-musllinux_1_2_aarch64.whl", hash = "sha256:454c2442e2b105d038b41c153cd9a9a55c6d7bf61bac0db8ace38f8c3f62179e"},
    {file = "dependency_injector-4.43.0-cp39-cp39-musllinux_1_2_i686.whl", hash = "sha256:52c7ab128131ff67e4b776f6704d47ae90f43686287dce0f5bb702f93f870e7a"},
    {file = "dependency_injector-4.43.0-cp39-cp39-musllinux_1_2_x86_64.whl", hash = "sha256:d3bda19adcdfccb3fbb20a7516c5b8330a09714301a71b2c5d7fe4304d6479df"},
    {file = "dependency_injector-4.43.0-cp39-cp39-win32.whl", hash = "sha256:6ad97e9366fc1451ff79de12ec0294a7c81ccb74b0da7b594b6cf8e8a7b9c0bb"},
    {file = "dependency_injector-4.43.0-cp39-cp39-win_amd64.whl", hash = "sha256:4f074aae7be8461ba4faff3be431e4d8dfe596e5fca884642e6e10f1fb585471"},
    {file = "dependency_injector-4.43.0-pp310-pypy310_pp73-macosx_11_0_arm64.whl", hash = "sha256:0647cda56ff7ab2bbf2bf051800edeb6b5bab4c134df04e59ba231cf1c95ce1e"},
    {file = "dependency_injector-4.43.0-pp310-pypy310_pp73-manylinux_2_17_aarch64.manylinux2014_aarch64.whl", hash = "sha256:c8acd5819c86424c674f7d30a2521f7883e35241afe4b3b569d481a36bc0bae3"},
    {file = "dependency_injector-4.43.0-pp310-pypy310_pp73-manylinux_2_5_i686.manylinux1_i686.manylinux_2_17_i686.manylinux2014_i686.whl", hash = "sha256:fec243d4d5fcdb423c543139d93eeaa76526e35f0faa8555eb03fb45fafab605"},
    {file = "dependency_injector-4.43.0-pp310-pypy310_pp73-manylinux_2_5_x86_64.manylinux1_x86_64.manylinux_2_17_x86_64.manylinux2014_x86_64.whl", hash = "sha256:deee43b5aaa62355f3bed9c4a8129676ef68001f48f8244fa1aa6f39d0921ba8"},
    {file = "dependency_injector-4.43.0-pp310-pypy310_pp73-win_amd64.whl", hash = "sha256:ece96fb2f0f33abdc80afe28f66dbce51372809cf39b58ebe6baea24f3f2e88f"},
    {file = "dependency_injector-4.43.0-pp37-pypy37_pp73-manylinux_2_17_aarch64.manylinux2014_aarch64.whl", hash = "sha256:e2caef27963266c85f6c12df57eabe06e04c38f349f2f2d423d765104164e189"},
    {file = "dependency_injector-4.43.0-pp37-pypy37_pp73-manylinux_2_5_i686.manylinux1_i686.manylinux_2_17_i686.manylinux2014_i686.whl", hash = "sha256:67b984a51a9635b57d4018d10d32bdb189c6f70d0a93739e0505b86634fa0bd2"},
    {file = "dependency_injector-4.43.0-pp37-pypy37_pp73-manylinux_2_5_x86_64.manylinux1_x86_64.manylinux_2_17_x86_64.manylinux2014_x86_64.whl", hash = "sha256:4cf4972a7fa40cb18f8efd0924c8d2999fffafd9817aa81858f2b7869d53c855"},
    {file = "dependency_injector-4.43.0-pp37-pypy37_pp73-win_amd64.whl", hash = "sha256:f399de5683a5fa6cd0a4a952e3b5466e56e9516cd0f69cc502b67fb7f8288f8b"},
    {file = "dependency_injector-4.43.0-pp38-pypy38_pp73-macosx_11_0_arm64.whl", hash = "sha256:6aa12b0af78d9d8486bbed435d88cde8190074c3c268a6f9c7d41d10d6a232ab"},
    {file = "dependency_injector-4.43.0-pp38-pypy38_pp73-manylinux_2_17_aarch64.manylinux2014_aarch64.whl", hash = "sha256:3003592fd1b9fbaa585ebec41ffba5d6b6afbf6cb90c144a03a3269ae0100b48"},
    {file = "dependency_injector-4.43.0-pp38-pypy38_pp73-manylinux_2_5_i686.manylinux1_i686.manylinux_2_17_i686.manylinux2014_i686.whl", hash = "sha256:7b30d4a3d544087aca03045af1bf92bad37588831bc361901104394e47b5eeb2"},
    {file = "dependency_injector-4.43.0-pp38-pypy38_pp73-manylinux_2_5_x86_64.manylinux1_x86_64.manylinux_2_17_x86_64.manylinux2014_x86_64.whl", hash = "sha256:199791d9bb3b187eb05c41a9ca9fc87fc2bcbb78a0fcc3b38b60baf7be1880eb"},
    {file = "dependency_injector-4.43.0-pp38-pypy38_pp73-win_amd64.whl", hash = "sha256:4fcad4d27a8da1e8f2b8a941bde064b516a80c7bdf75ad51293c3876b7c75cb8"},
    {file = "dependency_injector-4.43.0-pp39-pypy39_pp73-macosx_11_0_arm64.whl", hash = "sha256:6e9e02eb20a58f958e2ac1a9c3fc7506c4365409b56729f20fd481db94b44173"},
    {file = "dependency_injector-4.43.0-pp39-pypy39_pp73-manylinux_2_17_aarch64.manylinux2014_aarch64.whl", hash = "sha256:10a9c66bd93aca63de45403cbcca4061b07e75f702ca203bbd121938d3b3ed0e"},
    {file = "dependency_injector-4.43.0-pp39-pypy39_pp73-manylinux_2_5_i686.manylinux1_i686.manylinux_2_17_i686.manylinux2014_i686.whl", hash = "sha256:b44e524c7add4b897aac62c7b964307b0604dc8dabeea35bb06c28d65ddb6bc6"},
    {file = "dependency_injector-4.43.0-pp39-pypy39_pp73-manylinux_2_5_x86_64.manylinux1_x86_64.manylinux_2_17_x86_64.manylinux2014_x86_64.whl", hash = "sha256:ab7664f88262a3ee2aae07c84fcff0a08f0020141e2b3a8e3065b8dbf5fb13e6"},
    {file = "dependency_injector-4.43.0-pp39-pypy39_pp73-win_amd64.whl", hash = "sha256:862f24685eeada264632e333ec5f49affdb1b4aac6a52785b6b7b88e72d0be5d"},
    {file = "dependency_injector-4.43.0.tar.gz", hash = "sha256:d0774234cc4d5c860fa971912182131b45f41ebabd9e3fc2ce80f4b1d05de057"},
]

[package.dependencies]
six = ">=1.7.0,<=1.16.0"

[package.extras]
aiohttp = ["aiohttp"]
flask = ["flask"]
pydantic = ["pydantic"]
yaml = ["pyyaml"]

[[package]]
name = "flask"
version = "3.0.3"
description = "A simple framework for building complex web applications."
optional = false
python-versions = ">=3.8"
files = [
    {file = "flask-3.0.3-py3-none-any.whl", hash = "sha256:34e815dfaa43340d1d15a5c3a02b8476004037eb4840b34910c6e21679d288f3"},
    {file = "flask-3.0.3.tar.gz", hash = "sha256:ceb27b0af3823ea2737928a4d99d125a06175b8512c445cbd9a9ce200ef76842"},
]

[package.dependencies]
blinker = ">=1.6.2"
click = ">=8.1.3"
itsdangerous = ">=2.1.2"
Jinja2 = ">=3.1.2"
Werkzeug = ">=3.0.0"

[package.extras]
async = ["asgiref (>=3.2)"]
dotenv = ["python-dotenv"]

[[package]]
name = "itsdangerous"
version = "2.2.0"
description = "Safely pass data to untrusted environments and back."
optional = false
python-versions = ">=3.8"
files = [
    {file = "itsdangerous-2.2.0-py3-none-any.whl", hash = "sha256:c6242fc49e35958c8b15141343aa660db5fc54d4f13a1db01a3f5891b98700ef"},
    {file = "itsdangerous-2.2.0.tar.gz", hash = "sha256:e0050c0b7da1eea53ffaf149c0cfbb5c6e2e2b69c4bef22c81fa6eb73e5f6173"},
]

[[package]]
name = "jinja2"
version = "3.1.4"
description = "A very fast and expressive template engine."
optional = false
python-versions = ">=3.7"
files = [
    {file = "jinja2-3.1.4-py3-none-any.whl", hash = "sha256:bc5dd2abb727a5319567b7a813e6a2e7318c39f4f487cfe6c89c6f9c7d25197d"},
    {file = "jinja2-3.1.4.tar.gz", hash = "sha256:4a3aee7acbbe7303aede8e9648d13b8bf88a429282aa6122a993f0ac800cb369"},
]

[package.dependencies]
MarkupSafe = ">=2.0"

[package.extras]
i18n = ["Babel (>=2.7)"]

[[package]]
name = "markupsafe"
version = "3.0.2"
description = "Safely add untrusted strings to HTML/XML markup."
optional = false
python-versions = ">=3.9"
files = [
    {file = "MarkupSafe-3.0.2-cp310-cp310-macosx_10_9_universal2.whl", hash = "sha256:7e94c425039cde14257288fd61dcfb01963e658efbc0ff54f5306b06054700f8"},
    {file = "MarkupSafe-3.0.2-cp310-cp310-macosx_11_0_arm64.whl", hash = "sha256:9e2d922824181480953426608b81967de705c3cef4d1af983af849d7bd619158"},
    {file = "MarkupSafe-3.0.2-cp310-cp310-manylinux_2_17_aarch64.manylinux2014_aarch64.whl", hash = "sha256:38a9ef736c01fccdd6600705b09dc574584b89bea478200c5fbf112a6b0d5579"},
    {file = "MarkupSafe-3.0.2-cp310-cp310-manylinux_2_17_x86_64.manylinux2014_x86_64.whl", hash = "sha256:bbcb445fa71794da8f178f0f6d66789a28d7319071af7a496d4d507ed566270d"},
    {file = "MarkupSafe-3.0.2-cp310-cp310-manylinux_2_5_i686.manylinux1_i686.manylinux_2_17_i686.manylinux2014_i686.whl", hash = "sha256:57cb5a3cf367aeb1d316576250f65edec5bb3be939e9247ae594b4bcbc317dfb"},
    {file = "MarkupSafe-3.0.2-cp310-cp310-musllinux_1_2_aarch64.whl", hash = "sha256:3809ede931876f5b2ec92eef964286840ed3540dadf803dd570c3b7e13141a3b"},
    {file = "MarkupSafe-3.0.2-cp310-cp310-musllinux_1_2_i686.whl", hash = "sha256:e07c3764494e3776c602c1e78e298937c3315ccc9043ead7e685b7f2b8d47b3c"},
    {file = "MarkupSafe-3.0.2-cp310-cp310-musllinux_1_2_x86_64.whl", hash = "sha256:b424c77b206d63d500bcb69fa55ed8d0e6a3774056bdc4839fc9298a7edca171"},
    {file = "MarkupSafe-3.0.2-cp310-cp310-win32.whl", hash = "sha256:fcabf5ff6eea076f859677f5f0b6b5c1a51e70a376b0579e0eadef8db48c6b50"},
    {file = "MarkupSafe-3.0.2-cp310-cp310-win_amd64.whl", hash = "sha256:6af100e168aa82a50e186c82875a5893c5597a0c1ccdb0d8b40240b1f28b969a"},
    {file = "MarkupSafe-3.0.2-cp311-cp311-macosx_10_9_universal2.whl", hash = "sha256:9025b4018f3a1314059769c7bf15441064b2207cb3f065e6ea1e7359cb46db9d"},
    {file = "MarkupSafe-3.0.2-cp311-cp311-macosx_11_0_arm64.whl", hash = "sha256:93335ca3812df2f366e80509ae119189886b0f3c2b81325d39efdb84a1e2ae93"},
    {file = "MarkupSafe-3.0.2-cp311-cp311-manylinux_2_17_aarch64.manylinux2014_aarch64.whl", hash = "sha256:2cb8438c3cbb25e220c2ab33bb226559e7afb3baec11c4f218ffa7308603c832"},
    {file = "MarkupSafe-3.0.2-cp311-cp311-manylinux_2_17_x86_64.manylinux2014_x86_64.whl", hash = "sha256:a123e330ef0853c6e822384873bef7507557d8e4a082961e1defa947aa59ba84"},
    {file = "MarkupSafe-3.0.2-cp311-cp311-manylinux_2_5_i686.manylinux1_i686.manylinux_2_17_i686.manylinux2014_i686.whl", hash = "sha256:1e084f686b92e5b83186b07e8a17fc09e38fff551f3602b249881fec658d3eca"},
    {file = "MarkupSafe-3.0.2-cp311-cp311-musllinux_1_2_aarch64.whl", hash = "sha256:d8213e09c917a951de9d09ecee036d5c7d36cb6cb7dbaece4c71a60d79fb9798"},
    {file = "MarkupSafe-3.0.2-cp311-cp311-musllinux_1_2_i686.whl", hash = "sha256:5b02fb34468b6aaa40dfc198d813a641e3a63b98c2b05a16b9f80b7ec314185e"},
    {file = "MarkupSafe-3.0.2-cp311-cp311-musllinux_1_2_x86_64.whl", hash = "sha256:0bff5e0ae4ef2e1ae4fdf2dfd5b76c75e5c2fa4132d05fc1b0dabcd20c7e28c4"},
    {file = "MarkupSafe-3.0.2-cp311-cp311-win32.whl", hash = "sha256:6c89876f41da747c8d3677a2b540fb32ef5715f97b66eeb0c6b66f5e3ef6f59d"},
    {file = "MarkupSafe-3.0.2-cp311-cp311-win_amd64.whl", hash = "sha256:70a87b411535ccad5ef2f1df5136506a10775d267e197e4cf531ced10537bd6b"},
    {file = "MarkupSafe-3.0.2-cp312-cp312-macosx_10_13_universal2.whl", hash = "sha256:9778bd8ab0a994ebf6f84c2b949e65736d5575320a17ae8984a77fab08db94cf"},
    {file = "MarkupSafe-3.0.2-cp312-cp312-macosx_11_0_arm64.whl", hash = "sha256:846ade7b71e3536c4e56b386c2a47adf5741d2d8b94ec9dc3e92e5e1ee1e2225"},
    {file = "MarkupSafe-3.0.2-cp312-cp312-manylinux_2_17_aarch64.manylinux2014_aarch64.whl", hash = "sha256:1c99d261bd2d5f6b59325c92c73df481e05e57f19837bdca8413b9eac4bd8028"},
    {file = "MarkupSafe-3.0.2-cp312-cp312-manylinux_2_17_x86_64.manylinux2014_x86_64.whl", hash = "sha256:e17c96c14e19278594aa4841ec148115f9c7615a47382ecb6b82bd8fea3ab0c8"},
    {file = "MarkupSafe-3.0.2-cp312-cp312-manylinux_2_5_i686.manylinux1_i686.manylinux_2_17_i686.manylinux2014_i686.whl", hash = "sha256:88416bd1e65dcea10bc7569faacb2c20ce071dd1f87539ca2ab364bf6231393c"},
    {file = "MarkupSafe-3.0.2-cp312-cp312-musllinux_1_2_aarch64.whl", hash = "sha256:2181e67807fc2fa785d0592dc2d6206c019b9502410671cc905d132a92866557"},
    {file = "MarkupSafe-3.0.2-cp312-cp312-musllinux_1_2_i686.whl", hash = "sha256:52305740fe773d09cffb16f8ed0427942901f00adedac82ec8b67752f58a1b22"},
    {file = "MarkupSafe-3.0.2-cp312-cp312-musllinux_1_2_x86_64.whl", hash = "sha256:ad10d3ded218f1039f11a75f8091880239651b52e9bb592ca27de44eed242a48"},
    {file = "MarkupSafe-3.0.2-cp312-cp312-win32.whl", hash = "sha256:0f4ca02bea9a23221c0182836703cbf8930c5e9454bacce27e767509fa286a30"},
    {file = "MarkupSafe-3.0.2-cp312-cp312-win_amd64.whl", hash = "sha256:8e06879fc22a25ca47312fbe7c8264eb0b662f6db27cb2d3bbbc74b1df4b9b87"},
    {file = "MarkupSafe-3.0.2-cp313-cp313-macosx_10_13_universal2.whl", hash = "sha256:ba9527cdd4c926ed0760bc301f6728ef34d841f405abf9d4f959c478421e4efd"},
    {file = "MarkupSafe-3.0.2-cp313-cp313-macosx_11_0_arm64.whl", hash = "sha256:f8b3d067f2e40fe93e1ccdd6b2e1d16c43140e76f02fb1319a05cf2b79d99430"},
    {file = "MarkupSafe-3.0.2-cp313-cp313-manylinux_2_17_aarch64.manylinux2014_aarch64.whl", hash = "sha256:569511d3b58c8791ab4c2e1285575265991e6d8f8700c7be0e88f86cb0672094"},
    {file = "MarkupSafe-3.0.2-cp313-cp313-manylinux_2_17_x86_64.manylinux2014_x86_64.whl", hash = "sha256:15ab75ef81add55874e7ab7055e9c397312385bd9ced94920f2802310c930396"},
    {file = "MarkupSafe-3.0.2-cp313-cp313-manylinux_2_5_i686.manylinux1_i686.manylinux_2_17_i686.manylinux2014_i686.whl", hash = "sha256:f3818cb119498c0678015754eba762e0d61e5b52d34c8b13d770f0719f7b1d79"},
    {file = "MarkupSafe-3.0.2-cp313-cp313-musllinux_1_2_aarch64.whl", hash = "sha256:cdb82a876c47801bb54a690c5ae105a46b392ac6099881cdfb9f6e95e4014c6a"},
    {file = "MarkupSafe-3.0.2-cp313-cp313-musllinux_1_2_i686.whl", hash = "sha256:cabc348d87e913db6ab4aa100f01b08f481097838bdddf7c7a84b7575b7309ca"},
    {file = "MarkupSafe-3.0.2-cp313-cp313-musllinux_1_2_x86_64.whl", hash = "sha256:444dcda765c8a838eaae23112db52f1efaf750daddb2d9ca300bcae1039adc5c"},
    {file = "MarkupSafe-3.0.2-cp313-cp313-win32.whl", hash = "sha256:bcf3e58998965654fdaff38e58584d8937aa3096ab5354d493c77d1fdd66d7a1"},
    {file = "MarkupSafe-3.0.2-cp313-cp313-win_amd64.whl", hash = "sha256:e6a2a455bd412959b57a172ce6328d2dd1f01cb2135efda2e4576e8a23fa3b0f"},
    {file = "MarkupSafe-3.0.2-cp313-cp313t-macosx_10_13_universal2.whl", hash = "sha256:b5a6b3ada725cea8a5e634536b1b01c30bcdcd7f9c6fff4151548d5bf6b3a36c"},
    {file = "MarkupSafe-3.0.2-cp313-cp313t-macosx_11_0_arm64.whl", hash = "sha256:a904af0a6162c73e3edcb969eeeb53a63ceeb5d8cf642fade7d39e7963a22ddb"},
    {file = "MarkupSafe-3.0.2-cp313-cp313t-manylinux_2_17_aarch64.manylinux2014_aarch64.whl", hash = "sha256:4aa4e5faecf353ed117801a068ebab7b7e09ffb6e1d5e412dc852e0da018126c"},
    {file = "MarkupSafe-3.0.2-cp313-cp313t-manylinux_2_17_x86_64.manylinux2014_x86_64.whl", hash = "sha256:c0ef13eaeee5b615fb07c9a7dadb38eac06a0608b41570d8ade51c56539e509d"},
    {file = "MarkupSafe-3.0.2-cp313-cp313t-manylinux_2_5_i686.manylinux1_i686.manylinux_2_17_i686.manylinux2014_i686.whl", hash = "sha256:d16a81a06776313e817c951135cf7340a3e91e8c1ff2fac444cfd75fffa04afe"},
    {file = "MarkupSafe-3.0.2-cp313-cp313t-musllinux_1_2_aarch64.whl", hash = "sha256:6381026f158fdb7c72a168278597a5e3a5222e83ea18f543112b2662a9b699c5"},
    {file = "MarkupSafe-3.0.2-cp313-cp313t-musllinux_1_2_i686.whl", hash = "sha256:3d79d162e7be8f996986c064d1c7c817f6df3a77fe3d6859f6f9e7be4b8c213a"},
    {file = "MarkupSafe-3.0.2-cp313-cp313t-musllinux_1_2_x86_64.whl", hash = "sha256:131a3c7689c85f5ad20f9f6fb1b866f402c445b220c19fe4308c0b147ccd2ad9"},
    {file = "MarkupSafe-3.0.2-cp313-cp313t-win32.whl", hash = "sha256:ba8062ed2cf21c07a9e295d5b8a2a5ce678b913b45fdf68c32d95d6c1291e0b6"},
    {file = "MarkupSafe-3.0.2-cp313-cp313t-win_amd64.whl", hash = "sha256:e444a31f8db13eb18ada366ab3cf45fd4b31e4db1236a4448f68778c1d1a5a2f"},
    {file = "MarkupSafe-3.0.2-cp39-cp39-macosx_10_9_universal2.whl", hash = "sha256:eaa0a10b7f72326f1372a713e73c3f739b524b3af41feb43e4921cb529f5929a"},
    {file = "MarkupSafe-3.0.2-cp39-cp39-macosx_11_0_arm64.whl", hash = "sha256:48032821bbdf20f5799ff537c7ac3d1fba0ba032cfc06194faffa8cda8b560ff"},
    {file = "MarkupSafe-3.0.2-cp39-cp39-manylinux_2_17_aarch64.manylinux2014_aarch64.whl", hash = "sha256:1a9d3f5f0901fdec14d8d2f66ef7d035f2157240a433441719ac9a3fba440b13"},
    {file = "MarkupSafe-3.0.2-cp39-cp39-manylinux_2_17_x86_64.manylinux2014_x86_64.whl", hash = "sha256:88b49a3b9ff31e19998750c38e030fc7bb937398b1f78cfa599aaef92d693144"},
    {file = "MarkupSafe-3.0.2-cp39-cp39-manylinux_2_5_i686.manylinux1_i686.manylinux_2_17_i686.manylinux2014_i686.whl", hash = "sha256:cfad01eed2c2e0c01fd0ecd2ef42c492f7f93902e39a42fc9ee1692961443a29"},
    {file = "MarkupSafe-3.0.2-cp39-cp39-musllinux_1_2_aarch64.whl", hash = "sha256:1225beacc926f536dc82e45f8a4d68502949dc67eea90eab715dea3a21c1b5f0"},
    {file = "MarkupSafe-3.0.2-cp39-cp39-musllinux_1_2_i686.whl", hash = "sha256:3169b1eefae027567d1ce6ee7cae382c57fe26e82775f460f0b2778beaad66c0"},
    {file = "MarkupSafe-3.0.2-cp39-cp39-musllinux_1_2_x86_64.whl", hash = "sha256:eb7972a85c54febfb25b5c4b4f3af4dcc731994c7da0d8a0b4a6eb0640e1d178"},
    {file = "MarkupSafe-3.0.2-cp39-cp39-win32.whl", hash = "sha256:8c4e8c3ce11e1f92f6536ff07154f9d49677ebaaafc32db9db4620bc11ed480f"},
    {file = "MarkupSafe-3.0.2-cp39-cp39-win_amd64.whl", hash = "sha256:6e296a513ca3d94054c2c881cc913116e90fd030ad1c656b3869762b754f5f8a"},
    {file = "markupsafe-3.0.2.tar.gz", hash = "sha256:ee55d3edf80167e48ea11a923c7386f4669df67d7994554387f84e7d8b0a2bf0"},
]

[[package]]
name = "six"
version = "1.16.0"
description = "Python 2 and 3 compatibility utilities"
optional = false
python-versions = ">=2.7, !=3.0.*, !=3.1.*, !=3.2.*"
files = [
    {file = "six-1.16.0-py2.py3-none-any.whl", hash = "sha256:8abb2f1d86890a2dfb989f9a77cfcfd3e47c2a354b01111771326f8aa26e0254"},
    {file = "six-1.16.0.tar.gz", hash = "sha256:1e61c37477a1626458e36f7b1d82aa5c9b094fa4802892072e49de9c60c4c926"},
]

[[package]]
name = "werkzeug"
version = "3.1.3"
description = "The comprehensive WSGI web application library."
optional = false
python-versions = ">=3.9"
files = [
    {file = "werkzeug-3.1.3-py3-none-any.whl", hash = "sha256:54b78bf3716d19a65be4fceccc0d1d7b89e608834989dfae50ea87564639213e"},
    {file = "werkzeug-3.1.3.tar.gz", hash = "sha256:60723ce945c19328679790e3282cc758aa4a6040e4bb330f53d30fa546d44746"},
]

[package.dependencies]
MarkupSafe = ">=2.1.1"

[package.extras]
watchdog = ["watchdog (>=2.3)"]

[metadata]
lock-version = "2.0"
python-versions = "^3.13"
content-hash = "b887b79f917aeb2539f887e79c385c853937efa26747b68d91fe2aee4f26f97e"
